
Microsoft Visual Studio Solution File, Format Version 12.00
# Visual Studio Version 16
VisualStudioVersion = 16.0.28922.388
MinimumVisualStudioVersion = 10.0.40219.1
Project("{FAE04EC0-301F-11D3-BF4B-00C04F79EFBC}") = "todo-api", "todo-api.csproj", "{CF887EAF-A488-4DBC-AC47-E6065806D84A}"
EndProject
Global
	GlobalSection(SolutionConfigurationPlatforms) = preSolution
		Debug|Any CPU = Debug|Any CPU
		Release|Any CPU = Release|Any CPU
	EndGlobalSection
	GlobalSection(ProjectConfigurationPlatforms) = postSolution
		{CF887EAF-A488-4DBC-AC47-E6065806D84A}.Debug|Any CPU.ActiveCfg = Debug|Any CPU
		{CF887EAF-A488-4DBC-AC47-E6065806D84A}.Debug|Any CPU.Build.0 = Debug|Any CPU
		{CF887EAF-A488-4DBC-AC47-E6065806D84A}.Release|Any CPU.ActiveCfg = Release|Any CPU
		{CF887EAF-A488-4DBC-AC47-E6065806D84A}.Release|Any CPU.Build.0 = Release|Any CPU
	EndGlobalSection
	GlobalSection(SolutionProperties) = preSolution
		HideSolutionNode = FALSE
	EndGlobalSection
	GlobalSection(ExtensibilityGlobals) = postSolution
		SolutionGuid = {014C816B-AB9E-464D-8D95-0B7DB9C5F75B}
	EndGlobalSection
EndGlobal
